// !$*UTF8*$!
{
	archiveVersion = 1;
	classes = {
	};
	objectVersion = 56;
	objects = {

/* Begin PBXBuildFile section */
		D293B25D296652610047EE66 /* RTClassifier.mlpackage in Sources */ = {isa = PBXBuildFile; fileRef = D293B25C296652610047EE66 /* RTClassifier.mlpackage */; };
		D2AD864F291584B800908CC1 /* AppDelegate.swift in Sources */ = {isa = PBXBuildFile; fileRef = D2AD864E291584B800908CC1 /* AppDelegate.swift */; };
		D2AD8651291584B800908CC1 /* SceneDelegate.swift in Sources */ = {isa = PBXBuildFile; fileRef = D2AD8650291584B800908CC1 /* SceneDelegate.swift */; };
		D2AD8658291584B900908CC1 /* Assets.xcassets in Resources */ = {isa = PBXBuildFile; fileRef = D2AD8657291584B900908CC1 /* Assets.xcassets */; };
		D2AD865B291584B900908CC1 /* LaunchScreen.storyboard in Resources */ = {isa = PBXBuildFile; fileRef = D2AD8659291584B900908CC1 /* LaunchScreen.storyboard */; };
		D2AD8668291584FD00908CC1 /* RootViewController.swift in Sources */ = {isa = PBXBuildFile; fileRef = D2AD8667291584FD00908CC1 /* RootViewController.swift */; };
		D2AD866C2915873400908CC1 /* ResultsViewController.swift in Sources */ = {isa = PBXBuildFile; fileRef = D2AD866B2915873400908CC1 /* ResultsViewController.swift */; };
		D2AD866E2915875000908CC1 /* CreditsViewController.swift in Sources */ = {isa = PBXBuildFile; fileRef = D2AD866D2915875000908CC1 /* CreditsViewController.swift */; };
		D2AD8673291587BA00908CC1 /* credits.html in Resources */ = {isa = PBXBuildFile; fileRef = D2AD8670291587BA00908CC1 /* credits.html */; };
		D2AD8674291587BA00908CC1 /* SCR_Rank_table.jpeg in Resources */ = {isa = PBXBuildFile; fileRef = D2AD8671291587BA00908CC1 /* SCR_Rank_table.jpeg */; };
		D2AD8676291588D600908CC1 /* BWRace.swift in Sources */ = {isa = PBXBuildFile; fileRef = D2AD8675291588D600908CC1 /* BWRace.swift */; };
		D2AD8678291588FB00908CC1 /* BWMatch.swift in Sources */ = {isa = PBXBuildFile; fileRef = D2AD8677291588FB00908CC1 /* BWMatch.swift */; };
		D2AD867A2915893000908CC1 /* BWViewFactory.swift in Sources */ = {isa = PBXBuildFile; fileRef = D2AD86792915893000908CC1 /* BWViewFactory.swift */; };
		D2AD867C291589A400908CC1 /* BroodwarScrollView.swift in Sources */ = {isa = PBXBuildFile; fileRef = D2AD867B291589A400908CC1 /* BroodwarScrollView.swift */; };
		D2AD867E29158E3200908CC1 /* MatchEntryView.swift in Sources */ = {isa = PBXBuildFile; fileRef = D2AD867D29158E3200908CC1 /* MatchEntryView.swift */; };
		D2AD8680291591A400908CC1 /* README.md in Resources */ = {isa = PBXBuildFile; fileRef = D2AD867F291591A400908CC1 /* README.md */; };
		D2AD86822915955D00908CC1 /* MatchPredictor.swift in Sources */ = {isa = PBXBuildFile; fileRef = D2AD86812915955D00908CC1 /* MatchPredictor.swift */; };
		D2AD868429159A4C00908CC1 /* RTSaltError.swift in Sources */ = {isa = PBXBuildFile; fileRef = D2AD868329159A4C00908CC1 /* RTSaltError.swift */; };
		D2AD868629159A7E00908CC1 /* MatchResultView.swift in Sources */ = {isa = PBXBuildFile; fileRef = D2AD868529159A7E00908CC1 /* MatchResultView.swift */; };
		D2B0DAE92915A39800D007ED /* RaceSelectionView.swift in Sources */ = {isa = PBXBuildFile; fileRef = D2B0DAE82915A39800D007ED /* RaceSelectionView.swift */; };
		D2B0DAEB2915A65F00D007ED /* Hermes.swift in Sources */ = {isa = PBXBuildFile; fileRef = D2B0DAEA2915A65F00D007ED /* Hermes.swift */; };
		D2B0DAED2915AF1300D007ED /* RTAppState.swift in Sources */ = {isa = PBXBuildFile; fileRef = D2B0DAEC2915AF1300D007ED /* RTAppState.swift */; };
		D2B0DAEF2915AF2600D007ED /* UserDefaults.swift in Sources */ = {isa = PBXBuildFile; fileRef = D2B0DAEE2915AF2600D007ED /* UserDefaults.swift */; };
/* End PBXBuildFile section */

/* Begin PBXFileReference section */
		D293B25829664E7E0047EE66 /* Artosis Match Data Cleaned.numbers */ = {isa = PBXFileReference; lastKnownFileType = file; path = "Artosis Match Data Cleaned.numbers"; sourceTree = "<group>"; };
		D293B25929664E9B0047EE66 /* Artosis Match Data-010423.csv */ = {isa = PBXFileReference; lastKnownFileType = text; path = "Artosis Match Data-010423.csv"; sourceTree = "<group>"; };
		D293B25C296652610047EE66 /* RTClassifier.mlpackage */ = {isa = PBXFileReference; lastKnownFileType = folder.mlpackage; path = RTClassifier.mlpackage; sourceTree = "<group>"; };
		D2AD864B291584B800908CC1 /* RT Salt Bettor.app */ = {isa = PBXFileReference; explicitFileType = wrapper.application; includeInIndex = 0; path = "RT Salt Bettor.app"; sourceTree = BUILT_PRODUCTS_DIR; };
		D2AD864E291584B800908CC1 /* AppDelegate.swift */ = {isa = PBXFileReference; lastKnownFileType = sourcecode.swift; path = AppDelegate.swift; sourceTree = "<group>"; };
		D2AD8650291584B800908CC1 /* SceneDelegate.swift */ = {isa = PBXFileReference; lastKnownFileType = sourcecode.swift; path = SceneDelegate.swift; sourceTree = "<group>"; };
		D2AD8657291584B900908CC1 /* Assets.xcassets */ = {isa = PBXFileReference; lastKnownFileType = folder.assetcatalog; path = Assets.xcassets; sourceTree = "<group>"; };
		D2AD865A291584B900908CC1 /* Base */ = {isa = PBXFileReference; lastKnownFileType = file.storyboard; name = Base; path = Base.lproj/LaunchScreen.storyboard; sourceTree = "<group>"; };
		D2AD865C291584B900908CC1 /* Info.plist */ = {isa = PBXFileReference; lastKnownFileType = text.plist.xml; path = Info.plist; sourceTree = "<group>"; };
		D2AD8667291584FD00908CC1 /* RootViewController.swift */ = {isa = PBXFileReference; lastKnownFileType = sourcecode.swift; path = RootViewController.swift; sourceTree = "<group>"; };
		D2AD866B2915873400908CC1 /* ResultsViewController.swift */ = {isa = PBXFileReference; lastKnownFileType = sourcecode.swift; path = ResultsViewController.swift; sourceTree = "<group>"; };
		D2AD866D2915875000908CC1 /* CreditsViewController.swift */ = {isa = PBXFileReference; lastKnownFileType = sourcecode.swift; path = CreditsViewController.swift; sourceTree = "<group>"; };
		D2AD8670291587BA00908CC1 /* credits.html */ = {isa = PBXFileReference; fileEncoding = 4; lastKnownFileType = text.html; path = credits.html; sourceTree = "<group>"; };
		D2AD8671291587BA00908CC1 /* SCR_Rank_table.jpeg */ = {isa = PBXFileReference; lastKnownFileType = image.jpeg; path = SCR_Rank_table.jpeg; sourceTree = "<group>"; };
		D2AD8675291588D600908CC1 /* BWRace.swift */ = {isa = PBXFileReference; lastKnownFileType = sourcecode.swift; path = BWRace.swift; sourceTree = "<group>"; };
		D2AD8677291588FB00908CC1 /* BWMatch.swift */ = {isa = PBXFileReference; lastKnownFileType = sourcecode.swift; path = BWMatch.swift; sourceTree = "<group>"; };
		D2AD86792915893000908CC1 /* BWViewFactory.swift */ = {isa = PBXFileReference; lastKnownFileType = sourcecode.swift; path = BWViewFactory.swift; sourceTree = "<group>"; };
		D2AD867B291589A400908CC1 /* BroodwarScrollView.swift */ = {isa = PBXFileReference; lastKnownFileType = sourcecode.swift; path = BroodwarScrollView.swift; sourceTree = "<group>"; };
		D2AD867D29158E3200908CC1 /* MatchEntryView.swift */ = {isa = PBXFileReference; lastKnownFileType = sourcecode.swift; path = MatchEntryView.swift; sourceTree = "<group>"; };
		D2AD867F291591A400908CC1 /* README.md */ = {isa = PBXFileReference; fileEncoding = 4; lastKnownFileType = net.daringfireball.markdown; path = README.md; sourceTree = "<group>"; };
		D2AD86812915955D00908CC1 /* MatchPredictor.swift */ = {isa = PBXFileReference; lastKnownFileType = sourcecode.swift; path = MatchPredictor.swift; sourceTree = "<group>"; };
		D2AD868329159A4C00908CC1 /* RTSaltError.swift */ = {isa = PBXFileReference; lastKnownFileType = sourcecode.swift; path = RTSaltError.swift; sourceTree = "<group>"; };
		D2AD868529159A7E00908CC1 /* MatchResultView.swift */ = {isa = PBXFileReference; lastKnownFileType = sourcecode.swift; path = MatchResultView.swift; sourceTree = "<group>"; };
		D2B0DAE82915A39800D007ED /* RaceSelectionView.swift */ = {isa = PBXFileReference; lastKnownFileType = sourcecode.swift; path = RaceSelectionView.swift; sourceTree = "<group>"; };
		D2B0DAEA2915A65F00D007ED /* Hermes.swift */ = {isa = PBXFileReference; lastKnownFileType = sourcecode.swift; path = Hermes.swift; sourceTree = "<group>"; };
		D2B0DAEC2915AF1300D007ED /* RTAppState.swift */ = {isa = PBXFileReference; lastKnownFileType = sourcecode.swift; path = RTAppState.swift; sourceTree = "<group>"; };
		D2B0DAEE2915AF2600D007ED /* UserDefaults.swift */ = {isa = PBXFileReference; lastKnownFileType = sourcecode.swift; path = UserDefaults.swift; sourceTree = "<group>"; };
		D2B0DAF12915B94A00D007ED /* RT Salt Bettor.entitlements */ = {isa = PBXFileReference; fileEncoding = 4; lastKnownFileType = text.plist.entitlements; path = "RT Salt Bettor.entitlements"; sourceTree = "<group>"; };
/* End PBXFileReference section */

/* Begin PBXFrameworksBuildPhase section */
		D2AD8648291584B800908CC1 /* Frameworks */ = {
			isa = PBXFrameworksBuildPhase;
			buildActionMask = 2147483647;
			files = (
			);
			runOnlyForDeploymentPostprocessing = 0;
		};
/* End PBXFrameworksBuildPhase section */

/* Begin PBXGroup section */
		D2AD8642291584B800908CC1 = {
			isa = PBXGroup;
			children = (
				D2AD867F291591A400908CC1 /* README.md */,
				D2AD864D291584B800908CC1 /* RT Salt Bettor */,
				D2AD864C291584B800908CC1 /* Products */,
			);
			sourceTree = "<group>";
		};
		D2AD864C291584B800908CC1 /* Products */ = {
			isa = PBXGroup;
			children = (
				D2AD864B291584B800908CC1 /* RT Salt Bettor.app */,
			);
			name = Products;
			sourceTree = "<group>";
		};
		D2AD864D291584B800908CC1 /* RT Salt Bettor */ = {
			isa = PBXGroup;
			children = (
				D2B0DAF12915B94A00D007ED /* RT Salt Bettor.entitlements */,
				D2AD864E291584B800908CC1 /* AppDelegate.swift */,
				D2AD8650291584B800908CC1 /* SceneDelegate.swift */,
				D2AD8666291584E600908CC1 /* Models */,
				D2AD8665291584D100908CC1 /* Views */,
				D2AD8664291584C900908CC1 /* Controllers */,
				D2AD8662291584BD00908CC1 /* Services */,
				D2AD8663291584C300908CC1 /* Resources */,
				D2AD8659291584B900908CC1 /* LaunchScreen.storyboard */,
				D2AD8657291584B900908CC1 /* Assets.xcassets */,
				D2AD865C291584B900908CC1 /* Info.plist */,
			);
			path = "RT Salt Bettor";
			sourceTree = "<group>";
		};
		D2AD8662291584BD00908CC1 /* Services */ = {
			isa = PBXGroup;
			children = (
				D2AD86792915893000908CC1 /* BWViewFactory.swift */,
				D2AD86812915955D00908CC1 /* MatchPredictor.swift */,
				D2B0DAEA2915A65F00D007ED /* Hermes.swift */,
				D2B0DAEE2915AF2600D007ED /* UserDefaults.swift */,
			);
			path = Services;
			sourceTree = "<group>";
		};
		D2AD8663291584C300908CC1 /* Resources */ = {
			isa = PBXGroup;
			children = (
				D2AD8670291587BA00908CC1 /* credits.html */,
				D293B25C296652610047EE66 /* RTClassifier.mlpackage */,
				D2AD8671291587BA00908CC1 /* SCR_Rank_table.jpeg */,
				D293B25829664E7E0047EE66 /* Artosis Match Data Cleaned.numbers */,
				D293B25929664E9B0047EE66 /* Artosis Match Data-010423.csv */,
			);
			path = Resources;
			sourceTree = "<group>";
		};
		D2AD8664291584C900908CC1 /* Controllers */ = {
			isa = PBXGroup;
			children = (
				D2AD8667291584FD00908CC1 /* RootViewController.swift */,
				D2AD866B2915873400908CC1 /* ResultsViewController.swift */,
				D2AD866D2915875000908CC1 /* CreditsViewController.swift */,
			);
			path = Controllers;
			sourceTree = "<group>";
		};
		D2AD8665291584D100908CC1 /* Views */ = {
			isa = PBXGroup;
			children = (
				D2AD867B291589A400908CC1 /* BroodwarScrollView.swift */,
				D2AD867D29158E3200908CC1 /* MatchEntryView.swift */,
				D2AD868529159A7E00908CC1 /* MatchResultView.swift */,
				D2B0DAE82915A39800D007ED /* RaceSelectionView.swift */,
			);
			path = Views;
			sourceTree = "<group>";
		};
		D2AD8666291584E600908CC1 /* Models */ = {
			isa = PBXGroup;
			children = (
				D2AD8675291588D600908CC1 /* BWRace.swift */,
				D2AD8677291588FB00908CC1 /* BWMatch.swift */,
				D2AD868329159A4C00908CC1 /* RTSaltError.swift */,
				D2B0DAEC2915AF1300D007ED /* RTAppState.swift */,
			);
			path = Models;
			sourceTree = "<group>";
		};
/* End PBXGroup section */

/* Begin PBXNativeTarget section */
		D2AD864A291584B800908CC1 /* RT Salt Bettor */ = {
			isa = PBXNativeTarget;
			buildConfigurationList = D2AD865F291584B900908CC1 /* Build configuration list for PBXNativeTarget "RT Salt Bettor" */;
			buildPhases = (
				D2AD8647291584B800908CC1 /* Sources */,
				D2AD8648291584B800908CC1 /* Frameworks */,
				D2AD8649291584B800908CC1 /* Resources */,
			);
			buildRules = (
			);
			dependencies = (
			);
			name = "RT Salt Bettor";
			productName = "RT Salt Bettor";
			productReference = D2AD864B291584B800908CC1 /* RT Salt Bettor.app */;
			productType = "com.apple.product-type.application";
		};
/* End PBXNativeTarget section */

/* Begin PBXProject section */
		D2AD8643291584B800908CC1 /* Project object */ = {
			isa = PBXProject;
			attributes = {
				BuildIndependentTargetsInParallel = 1;
				LastSwiftUpdateCheck = 1400;
				LastUpgradeCheck = 1400;
				TargetAttributes = {
					D2AD864A291584B800908CC1 = {
						CreatedOnToolsVersion = 14.0.1;
					};
				};
			};
			buildConfigurationList = D2AD8646291584B800908CC1 /* Build configuration list for PBXProject "RT Salt Bettor" */;
			compatibilityVersion = "Xcode 14.0";
			developmentRegion = en;
			hasScannedForEncodings = 0;
			knownRegions = (
				en,
				Base,
			);
			mainGroup = D2AD8642291584B800908CC1;
			productRefGroup = D2AD864C291584B800908CC1 /* Products */;
			projectDirPath = "";
			projectRoot = "";
			targets = (
				D2AD864A291584B800908CC1 /* RT Salt Bettor */,
			);
		};
/* End PBXProject section */

/* Begin PBXResourcesBuildPhase section */
		D2AD8649291584B800908CC1 /* Resources */ = {
			isa = PBXResourcesBuildPhase;
			buildActionMask = 2147483647;
			files = (
				D2AD865B291584B900908CC1 /* LaunchScreen.storyboard in Resources */,
				D2AD8674291587BA00908CC1 /* SCR_Rank_table.jpeg in Resources */,
				D2AD8680291591A400908CC1 /* README.md in Resources */,
				D2AD8658291584B900908CC1 /* Assets.xcassets in Resources */,
				D2AD8673291587BA00908CC1 /* credits.html in Resources */,
			);
			runOnlyForDeploymentPostprocessing = 0;
		};
/* End PBXResourcesBuildPhase section */

/* Begin PBXSourcesBuildPhase section */
		D2AD8647291584B800908CC1 /* Sources */ = {
			isa = PBXSourcesBuildPhase;
			buildActionMask = 2147483647;
			files = (
				D293B25D296652610047EE66 /* RTClassifier.mlpackage in Sources */,
				D2B0DAED2915AF1300D007ED /* RTAppState.swift in Sources */,
				D2AD867A2915893000908CC1 /* BWViewFactory.swift in Sources */,
				D2AD864F291584B800908CC1 /* AppDelegate.swift in Sources */,
				D2AD868429159A4C00908CC1 /* RTSaltError.swift in Sources */,
				D2AD867C291589A400908CC1 /* BroodwarScrollView.swift in Sources */,
				D2AD8651291584B800908CC1 /* SceneDelegate.swift in Sources */,
				D2AD867E29158E3200908CC1 /* MatchEntryView.swift in Sources */,
				D2AD8668291584FD00908CC1 /* RootViewController.swift in Sources */,
				D2AD866C2915873400908CC1 /* ResultsViewController.swift in Sources */,
				D2AD86822915955D00908CC1 /* MatchPredictor.swift in Sources */,
				D2B0DAE92915A39800D007ED /* RaceSelectionView.swift in Sources */,
				D2B0DAEB2915A65F00D007ED /* Hermes.swift in Sources */,
				D2AD866E2915875000908CC1 /* CreditsViewController.swift in Sources */,
				D2B0DAEF2915AF2600D007ED /* UserDefaults.swift in Sources */,
				D2AD868629159A7E00908CC1 /* MatchResultView.swift in Sources */,
				D2AD8678291588FB00908CC1 /* BWMatch.swift in Sources */,
				D2AD8676291588D600908CC1 /* BWRace.swift in Sources */,
			);
			runOnlyForDeploymentPostprocessing = 0;
		};
/* End PBXSourcesBuildPhase section */

/* Begin PBXVariantGroup section */
		D2AD8659291584B900908CC1 /* LaunchScreen.storyboard */ = {
			isa = PBXVariantGroup;
			children = (
				D2AD865A291584B900908CC1 /* Base */,
			);
			name = LaunchScreen.storyboard;
			sourceTree = "<group>";
		};
/* End PBXVariantGroup section */

/* Begin XCBuildConfiguration section */
		D2AD865D291584B900908CC1 /* Debug */ = {
			isa = XCBuildConfiguration;
			buildSettings = {
				ALWAYS_SEARCH_USER_PATHS = NO;
				CLANG_ANALYZER_NONNULL = YES;
				CLANG_ANALYZER_NUMBER_OBJECT_CONVERSION = YES_AGGRESSIVE;
				CLANG_CXX_LANGUAGE_STANDARD = "gnu++20";
				CLANG_ENABLE_MODULES = YES;
				CLANG_ENABLE_OBJC_ARC = YES;
				CLANG_ENABLE_OBJC_WEAK = YES;
				CLANG_WARN_BLOCK_CAPTURE_AUTORELEASING = YES;
				CLANG_WARN_BOOL_CONVERSION = YES;
				CLANG_WARN_COMMA = YES;
				CLANG_WARN_CONSTANT_CONVERSION = YES;
				CLANG_WARN_DEPRECATED_OBJC_IMPLEMENTATIONS = YES;
				CLANG_WARN_DIRECT_OBJC_ISA_USAGE = YES_ERROR;
				CLANG_WARN_DOCUMENTATION_COMMENTS = YES;
				CLANG_WARN_EMPTY_BODY = YES;
				CLANG_WARN_ENUM_CONVERSION = YES;
				CLANG_WARN_INFINITE_RECURSION = YES;
				CLANG_WARN_INT_CONVERSION = YES;
				CLANG_WARN_NON_LITERAL_NULL_CONVERSION = YES;
				CLANG_WARN_OBJC_IMPLICIT_RETAIN_SELF = YES;
				CLANG_WARN_OBJC_LITERAL_CONVERSION = YES;
				CLANG_WARN_OBJC_ROOT_CLASS = YES_ERROR;
				CLANG_WARN_QUOTED_INCLUDE_IN_FRAMEWORK_HEADER = YES;
				CLANG_WARN_RANGE_LOOP_ANALYSIS = YES;
				CLANG_WARN_STRICT_PROTOTYPES = YES;
				CLANG_WARN_SUSPICIOUS_MOVE = YES;
				CLANG_WARN_UNGUARDED_AVAILABILITY = YES_AGGRESSIVE;
				CLANG_WARN_UNREACHABLE_CODE = YES;
				CLANG_WARN__DUPLICATE_METHOD_MATCH = YES;
				COPY_PHASE_STRIP = NO;
				DEBUG_INFORMATION_FORMAT = dwarf;
				ENABLE_STRICT_OBJC_MSGSEND = YES;
				ENABLE_TESTABILITY = YES;
				GCC_C_LANGUAGE_STANDARD = gnu11;
				GCC_DYNAMIC_NO_PIC = NO;
				GCC_NO_COMMON_BLOCKS = YES;
				GCC_OPTIMIZATION_LEVEL = 0;
				GCC_PREPROCESSOR_DEFINITIONS = (
					"DEBUG=1",
					"$(inherited)",
				);
				GCC_WARN_64_TO_32_BIT_CONVERSION = YES;
				GCC_WARN_ABOUT_RETURN_TYPE = YES_ERROR;
				GCC_WARN_UNDECLARED_SELECTOR = YES;
				GCC_WARN_UNINITIALIZED_AUTOS = YES_AGGRESSIVE;
				GCC_WARN_UNUSED_FUNCTION = YES;
				GCC_WARN_UNUSED_VARIABLE = YES;
				IPHONEOS_DEPLOYMENT_TARGET = 16.0;
				MTL_ENABLE_DEBUG_INFO = INCLUDE_SOURCE;
				MTL_FAST_MATH = YES;
				ONLY_ACTIVE_ARCH = YES;
				SDKROOT = iphoneos;
				SWIFT_ACTIVE_COMPILATION_CONDITIONS = DEBUG;
				SWIFT_OPTIMIZATION_LEVEL = "-Onone";
			};
			name = Debug;
		};
		D2AD865E291584B900908CC1 /* Release */ = {
			isa = XCBuildConfiguration;
			buildSettings = {
				ALWAYS_SEARCH_USER_PATHS = NO;
				CLANG_ANALYZER_NONNULL = YES;
				CLANG_ANALYZER_NUMBER_OBJECT_CONVERSION = YES_AGGRESSIVE;
				CLANG_CXX_LANGUAGE_STANDARD = "gnu++20";
				CLANG_ENABLE_MODULES = YES;
				CLANG_ENABLE_OBJC_ARC = YES;
				CLANG_ENABLE_OBJC_WEAK = YES;
				CLANG_WARN_BLOCK_CAPTURE_AUTORELEASING = YES;
				CLANG_WARN_BOOL_CONVERSION = YES;
				CLANG_WARN_COMMA = YES;
				CLANG_WARN_CONSTANT_CONVERSION = YES;
				CLANG_WARN_DEPRECATED_OBJC_IMPLEMENTATIONS = YES;
				CLANG_WARN_DIRECT_OBJC_ISA_USAGE = YES_ERROR;
				CLANG_WARN_DOCUMENTATION_COMMENTS = YES;
				CLANG_WARN_EMPTY_BODY = YES;
				CLANG_WARN_ENUM_CONVERSION = YES;
				CLANG_WARN_INFINITE_RECURSION = YES;
				CLANG_WARN_INT_CONVERSION = YES;
				CLANG_WARN_NON_LITERAL_NULL_CONVERSION = YES;
				CLANG_WARN_OBJC_IMPLICIT_RETAIN_SELF = YES;
				CLANG_WARN_OBJC_LITERAL_CONVERSION = YES;
				CLANG_WARN_OBJC_ROOT_CLASS = YES_ERROR;
				CLANG_WARN_QUOTED_INCLUDE_IN_FRAMEWORK_HEADER = YES;
				CLANG_WARN_RANGE_LOOP_ANALYSIS = YES;
				CLANG_WARN_STRICT_PROTOTYPES = YES;
				CLANG_WARN_SUSPICIOUS_MOVE = YES;
				CLANG_WARN_UNGUARDED_AVAILABILITY = YES_AGGRESSIVE;
				CLANG_WARN_UNREACHABLE_CODE = YES;
				CLANG_WARN__DUPLICATE_METHOD_MATCH = YES;
				COPY_PHASE_STRIP = NO;
				DEBUG_INFORMATION_FORMAT = "dwarf-with-dsym";
				ENABLE_NS_ASSERTIONS = NO;
				ENABLE_STRICT_OBJC_MSGSEND = YES;
				GCC_C_LANGUAGE_STANDARD = gnu11;
				GCC_NO_COMMON_BLOCKS = YES;
				GCC_WARN_64_TO_32_BIT_CONVERSION = YES;
				GCC_WARN_ABOUT_RETURN_TYPE = YES_ERROR;
				GCC_WARN_UNDECLARED_SELECTOR = YES;
				GCC_WARN_UNINITIALIZED_AUTOS = YES_AGGRESSIVE;
				GCC_WARN_UNUSED_FUNCTION = YES;
				GCC_WARN_UNUSED_VARIABLE = YES;
				IPHONEOS_DEPLOYMENT_TARGET = 16.0;
				MTL_ENABLE_DEBUG_INFO = NO;
				MTL_FAST_MATH = YES;
				SDKROOT = iphoneos;
				SWIFT_COMPILATION_MODE = wholemodule;
				SWIFT_OPTIMIZATION_LEVEL = "-O";
				VALIDATE_PRODUCT = YES;
			};
			name = Release;
		};
		D2AD8660291584B900908CC1 /* Debug */ = {
			isa = XCBuildConfiguration;
			buildSettings = {
				ASSETCATALOG_COMPILER_APPICON_NAME = AppIcon;
				ASSETCATALOG_COMPILER_GLOBAL_ACCENT_COLOR_NAME = AccentColor;
				CODE_SIGN_ENTITLEMENTS = "RT Salt Bettor/RT Salt Bettor.entitlements";
				CODE_SIGN_STYLE = Automatic;
				CURRENT_PROJECT_VERSION = 114A22;
				DEVELOPMENT_TEAM = PF5SG3LUHB;
				GENERATE_INFOPLIST_FILE = YES;
				INFOPLIST_FILE = "RT Salt Bettor/Info.plist";
				INFOPLIST_KEY_CFBundleDisplayName = "RT Salt Bettor";
				INFOPLIST_KEY_LSApplicationCategoryType = "public.app-category.entertainment";
				INFOPLIST_KEY_UIApplicationSupportsIndirectInputEvents = YES;
				INFOPLIST_KEY_UILaunchStoryboardName = LaunchScreen;
				INFOPLIST_KEY_UIRequiresFullScreen = YES;
				INFOPLIST_KEY_UIStatusBarStyle = "";
				INFOPLIST_KEY_UISupportedInterfaceOrientations = UIInterfaceOrientationPortrait;
				LD_RUNPATH_SEARCH_PATHS = (
					"$(inherited)",
					"@executable_path/Frameworks",
				);
				MARKETING_VERSION = 2.2.2;
				PRODUCT_BUNDLE_IDENTIFIER = "com.loniello.RT-Salt-Bettor";
				PRODUCT_NAME = "$(TARGET_NAME)";
				SUPPORTED_PLATFORMS = "iphoneos iphonesimulator";
				SUPPORTS_MACCATALYST = NO;
				SUPPORTS_MAC_DESIGNED_FOR_IPHONE_IPAD = YES;
				SWIFT_EMIT_LOC_STRINGS = YES;
				SWIFT_VERSION = 5.0;
				TARGETED_DEVICE_FAMILY = "1,2";
			};
			name = Debug;
		};
		D2AD8661291584B900908CC1 /* Release */ = {
			isa = XCBuildConfiguration;
			buildSettings = {
				ASSETCATALOG_COMPILER_APPICON_NAME = AppIcon;
				ASSETCATALOG_COMPILER_GLOBAL_ACCENT_COLOR_NAME = AccentColor;
				CODE_SIGN_ENTITLEMENTS = "RT Salt Bettor/RT Salt Bettor.entitlements";
				CODE_SIGN_STYLE = Automatic;
				CURRENT_PROJECT_VERSION = 114A22;
				DEVELOPMENT_TEAM = PF5SG3LUHB;
				GENERATE_INFOPLIST_FILE = YES;
				INFOPLIST_FILE = "RT Salt Bettor/Info.plist";
				INFOPLIST_KEY_CFBundleDisplayName = "RT Salt Bettor";
				INFOPLIST_KEY_LSApplicationCategoryType = "public.app-category.entertainment";
				INFOPLIST_KEY_UIApplicationSupportsIndirectInputEvents = YES;
				INFOPLIST_KEY_UILaunchStoryboardName = LaunchScreen;
				INFOPLIST_KEY_UIRequiresFullScreen = YES;
				INFOPLIST_KEY_UIStatusBarStyle = "";
				INFOPLIST_KEY_UISupportedInterfaceOrientations = UIInterfaceOrientationPortrait;
				LD_RUNPATH_SEARCH_PATHS = (
					"$(inherited)",
					"@executable_path/Frameworks",
				);
				MARKETING_VERSION = 2.2.2;
				PRODUCT_BUNDLE_IDENTIFIER = "com.loniello.RT-Salt-Bettor";
				PRODUCT_NAME = "$(TARGET_NAME)";
				SUPPORTED_PLATFORMS = "iphoneos iphonesimulator";
				SUPPORTS_MACCATALYST = NO;
				SUPPORTS_MAC_DESIGNED_FOR_IPHONE_IPAD = YES;
				SWIFT_EMIT_LOC_STRINGS = YES;
				SWIFT_VERSION = 5.0;
				TARGETED_DEVICE_FAMILY = "1,2";
			};
			name = Release;
		};
/* End XCBuildConfiguration section */

/* Begin XCConfigurationList section */
		D2AD8646291584B800908CC1 /* Build configuration list for PBXProject "RT Salt Bettor" */ = {
			isa = XCConfigurationList;
			buildConfigurations = (
				D2AD865D291584B900908CC1 /* Debug */,
				D2AD865E291584B900908CC1 /* Release */,
			);
			defaultConfigurationIsVisible = 0;
			defaultConfigurationName = Release;
		};
		D2AD865F291584B900908CC1 /* Build configuration list for PBXNativeTarget "RT Salt Bettor" */ = {
			isa = XCConfigurationList;
			buildConfigurations = (
				D2AD8660291584B900908CC1 /* Debug */,
				D2AD8661291584B900908CC1 /* Release */,
			);
			defaultConfigurationIsVisible = 0;
			defaultConfigurationName = Release;
		};
/* End XCConfigurationList section */
	};
	rootObject = D2AD8643291584B800908CC1 /* Project object */;
}
